
Microsoft Visual Studio Solution File, Format Version 12.00
# Visual Studio Version 17
VisualStudioVersion = 17.14.36310.24
MinimumVisualStudioVersion = 10.0.40219.1
Project("{FAE04EC0-301F-11D3-BF4B-00C04F79EFBC}") = "KanbanBoard.WebAPI.Tests", "KanbanBoard.WebAPI.Tests\KanbanBoard.WebAPI.Tests.csproj", "{47B9E292-C7E6-102E-C4E8-F981F8DEF1B5}"
EndProject
Project("{FAE04EC0-301F-11D3-BF4B-00C04F79EFBC}") = "KanbanBoard.WebAPI", "KanbanBoard.WebAPI\KanbanBoard.WebAPI.csproj", "{4C9339C3-AF87-C6E8-95C7-0C699CBA5AEE}"
EndProject
Global
	GlobalSection(SolutionConfigurationPlatforms) = preSolution
		Debug|Any CPU = Debug|Any CPU
		Release|Any CPU = Release|Any CPU
	EndGlobalSection
	GlobalSection(ProjectConfigurationPlatforms) = postSolution
		{47B9E292-C7E6-102E-C4E8-F981F8DEF1B5}.Debug|Any CPU.ActiveCfg = Debug|Any CPU
		{47B9E292-C7E6-102E-C4E8-F981F8DEF1B5}.Debug|Any CPU.Build.0 = Debug|Any CPU
		{47B9E292-C7E6-102E-C4E8-F981F8DEF1B5}.Release|Any CPU.ActiveCfg = Release|Any CPU
		{47B9E292-C7E6-102E-C4E8-F981F8DEF1B5}.Release|Any CPU.Build.0 = Release|Any CPU
		{4C9339C3-AF87-C6E8-95C7-0C699CBA5AEE}.Debug|Any CPU.ActiveCfg = Debug|Any CPU
		{4C9339C3-AF87-C6E8-95C7-0C699CBA5AEE}.Debug|Any CPU.Build.0 = Debug|Any CPU
		{4C9339C3-AF87-C6E8-95C7-0C699CBA5AEE}.Release|Any CPU.ActiveCfg = Release|Any CPU
		{4C9339C3-AF87-C6E8-95C7-0C699CBA5AEE}.Release|Any CPU.Build.0 = Release|Any CPU
	EndGlobalSection
	GlobalSection(SolutionProperties) = preSolution
		HideSolutionNode = FALSE
	EndGlobalSection
	GlobalSection(ExtensibilityGlobals) = postSolution
		SolutionGuid = {42BA1F26-0AA6-4D79-8F4E-8218296417B9}
	EndGlobalSection
EndGlobal
